
Microsoft Visual Studio Solution File, Format Version 12.00
# Visual Studio 15
VisualStudioVersion = 15.0.28307.136
MinimumVisualStudioVersion = 10.0.40219.1
Project("{FAE04EC0-301F-11D3-BF4B-00C04F79EFBC}") = "Threax.Lucene", "Threax.Lucene\Threax.Lucene.csproj", "{EC58A8E1-2E9D-47DE-86E7-E5ACC678E0D0}"
EndProject
Global
	GlobalSection(SolutionConfigurationPlatforms) = preSolution
		Debug|Any CPU = Debug|Any CPU
		Release|Any CPU = Release|Any CPU
	EndGlobalSection
	GlobalSection(ProjectConfigurationPlatforms) = postSolution
		{EC58A8E1-2E9D-47DE-86E7-E5ACC678E0D0}.Debug|Any CPU.ActiveCfg = Debug|Any CPU
		{EC58A8E1-2E9D-47DE-86E7-E5ACC678E0D0}.Debug|Any CPU.Build.0 = Debug|Any CPU
		{EC58A8E1-2E9D-47DE-86E7-E5ACC678E0D0}.Release|Any CPU.ActiveCfg = Release|Any CPU
		{EC58A8E1-2E9D-47DE-86E7-E5ACC678E0D0}.Release|Any CPU.Build.0 = Release|Any CPU
	EndGlobalSection
	GlobalSection(SolutionProperties) = preSolution
		HideSolutionNode = FALSE
	EndGlobalSection
	GlobalSection(ExtensibilityGlobals) = postSolution
		SolutionGuid = {1B1AAD25-4B4C-4C1F-8EE7-4D6715E4BF65}
	EndGlobalSection
EndGlobal
